
Microsoft Visual Studio Solution File, Format Version 10.00
# Visual Studio 2008
Project("{8BC9CEB8-8B4A-11D0-8D11-00A0C91BC942}") = "ie_proxy", "ie_proxy\ie_proxy.vcproj", "{874F7AA8-BABB-4F57-8410-1621B64CC402}"
EndProject
Global
	GlobalSection(SolutionConfigurationPlatforms) = preSolution
		Debug|Win32 = Debug|Win32
		Release|Win32 = Release|Win32
	EndGlobalSection
	GlobalSection(ProjectConfigurationPlatforms) = postSolution
		{874F7AA8-BABB-4F57-8410-1621B64CC402}.Debug|Win32.ActiveCfg = Debug|Win32
		{874F7AA8-BABB-4F57-8410-1621B64CC402}.Debug|Win32.Build.0 = Debug|Win32
		{874F7AA8-BABB-4F57-8410-1621B64CC402}.Release|Win32.ActiveCfg = Release|Win32
		{874F7AA8-BABB-4F57-8410-1621B64CC402}.Release|Win32.Build.0 = Release|Win32
	EndGlobalSection
	GlobalSection(SolutionProperties) = preSolution
		HideSolutionNode = FALSE
	EndGlobalSection
EndGlobal
